
Microsoft Visual Studio Solution File, Format Version 12.00
# Visual Studio 15
VisualStudioVersion = 15.0.27428.2037
MinimumVisualStudioVersion = 10.0.40219.1
Project("{9A19103F-16F7-4668-BE54-9A1E7A4F7556}") = "OnAuth", "OnAuth\OnAuth.csproj", "{F09E12CC-D3E2-4E84-91B2-8475DFDF0F07}"
EndProject
Project("{9A19103F-16F7-4668-BE54-9A1E7A4F7556}") = "OnAuth.Test", "OnAuth.Test\OnAuth.Test.csproj", "{45AC2A50-F777-4F82-9602-2A6337FF30FD}"
EndProject
Project("{9A19103F-16F7-4668-BE54-9A1E7A4F7556}") = "OnAuth.Web", "OnAuth.Web\OnAuth.Web.csproj", "{F597DCA0-BE3F-47EF-9486-0967B27AAAEB}"
EndProject
Project("{9A19103F-16F7-4668-BE54-9A1E7A4F7556}") = "OnAuth.Users.Web", "OnAuth.Users.Web\OnAuth.Users.Web.csproj", "{8CB69BF1-5338-4824-AB35-C1E72BD06D49}"
EndProject
Project("{9A19103F-16F7-4668-BE54-9A1E7A4F7556}") = "OnAuth.Migrate", "OnAuth.Migrate\OnAuth.Migrate.csproj", "{279B603B-AE3E-49A0-A24E-6A676CA8AE72}"
EndProject
Project("{9A19103F-16F7-4668-BE54-9A1E7A4F7556}") = "OnAuth.Ldap.Web", "OnAuth.Ldap.Web\OnAuth.Ldap.Web.csproj", "{7A3CB92C-DCC2-4653-8FEB-079B0AAD19CA}"
EndProject
Global
	GlobalSection(SolutionConfigurationPlatforms) = preSolution
		Debug|Any CPU = Debug|Any CPU
		Release|Any CPU = Release|Any CPU
	EndGlobalSection
	GlobalSection(ProjectConfigurationPlatforms) = postSolution
		{F09E12CC-D3E2-4E84-91B2-8475DFDF0F07}.Debug|Any CPU.ActiveCfg = Debug|Any CPU
		{F09E12CC-D3E2-4E84-91B2-8475DFDF0F07}.Debug|Any CPU.Build.0 = Debug|Any CPU
		{F09E12CC-D3E2-4E84-91B2-8475DFDF0F07}.Release|Any CPU.ActiveCfg = Release|Any CPU
		{F09E12CC-D3E2-4E84-91B2-8475DFDF0F07}.Release|Any CPU.Build.0 = Release|Any CPU
		{45AC2A50-F777-4F82-9602-2A6337FF30FD}.Debug|Any CPU.ActiveCfg = Debug|Any CPU
		{45AC2A50-F777-4F82-9602-2A6337FF30FD}.Debug|Any CPU.Build.0 = Debug|Any CPU
		{45AC2A50-F777-4F82-9602-2A6337FF30FD}.Release|Any CPU.ActiveCfg = Release|Any CPU
		{45AC2A50-F777-4F82-9602-2A6337FF30FD}.Release|Any CPU.Build.0 = Release|Any CPU
		{F597DCA0-BE3F-47EF-9486-0967B27AAAEB}.Debug|Any CPU.ActiveCfg = Debug|Any CPU
		{F597DCA0-BE3F-47EF-9486-0967B27AAAEB}.Debug|Any CPU.Build.0 = Debug|Any CPU
		{F597DCA0-BE3F-47EF-9486-0967B27AAAEB}.Release|Any CPU.ActiveCfg = Release|Any CPU
		{F597DCA0-BE3F-47EF-9486-0967B27AAAEB}.Release|Any CPU.Build.0 = Release|Any CPU
		{8CB69BF1-5338-4824-AB35-C1E72BD06D49}.Debug|Any CPU.ActiveCfg = Debug|Any CPU
		{8CB69BF1-5338-4824-AB35-C1E72BD06D49}.Debug|Any CPU.Build.0 = Debug|Any CPU
		{8CB69BF1-5338-4824-AB35-C1E72BD06D49}.Release|Any CPU.ActiveCfg = Release|Any CPU
		{8CB69BF1-5338-4824-AB35-C1E72BD06D49}.Release|Any CPU.Build.0 = Release|Any CPU
		{279B603B-AE3E-49A0-A24E-6A676CA8AE72}.Debug|Any CPU.ActiveCfg = Debug|Any CPU
		{279B603B-AE3E-49A0-A24E-6A676CA8AE72}.Debug|Any CPU.Build.0 = Debug|Any CPU
		{279B603B-AE3E-49A0-A24E-6A676CA8AE72}.Release|Any CPU.ActiveCfg = Release|Any CPU
		{279B603B-AE3E-49A0-A24E-6A676CA8AE72}.Release|Any CPU.Build.0 = Release|Any CPU
		{7A3CB92C-DCC2-4653-8FEB-079B0AAD19CA}.Debug|Any CPU.ActiveCfg = Debug|Any CPU
		{7A3CB92C-DCC2-4653-8FEB-079B0AAD19CA}.Debug|Any CPU.Build.0 = Debug|Any CPU
		{7A3CB92C-DCC2-4653-8FEB-079B0AAD19CA}.Release|Any CPU.ActiveCfg = Release|Any CPU
		{7A3CB92C-DCC2-4653-8FEB-079B0AAD19CA}.Release|Any CPU.Build.0 = Release|Any CPU
	EndGlobalSection
	GlobalSection(SolutionProperties) = preSolution
		HideSolutionNode = FALSE
	EndGlobalSection
	GlobalSection(ExtensibilityGlobals) = postSolution
		SolutionGuid = {7E8FBD42-8049-449D-B083-5361E2CF6C74}
	EndGlobalSection
EndGlobal
