
Microsoft Visual Studio Solution File, Format Version 12.00
# Visual Studio 15
VisualStudioVersion = 15.0.27428.2037
MinimumVisualStudioVersion = 10.0.40219.1
Project("{FAE04EC0-301F-11D3-BF4B-00C04F79EFBC}") = "WebApplication3", "WebApplication3\WebApplication3.csproj", "{8AC07122-450D-4F64-BE40-1156B4093077}"
EndProject
Global
	GlobalSection(SolutionConfigurationPlatforms) = preSolution
		Debug|Any CPU = Debug|Any CPU
		Release|Any CPU = Release|Any CPU
	EndGlobalSection
	GlobalSection(ProjectConfigurationPlatforms) = postSolution
		{8AC07122-450D-4F64-BE40-1156B4093077}.Debug|Any CPU.ActiveCfg = Debug|Any CPU
		{8AC07122-450D-4F64-BE40-1156B4093077}.Debug|Any CPU.Build.0 = Debug|Any CPU
		{8AC07122-450D-4F64-BE40-1156B4093077}.Release|Any CPU.ActiveCfg = Release|Any CPU
		{8AC07122-450D-4F64-BE40-1156B4093077}.Release|Any CPU.Build.0 = Release|Any CPU
	EndGlobalSection
	GlobalSection(SolutionProperties) = preSolution
		HideSolutionNode = FALSE
	EndGlobalSection
	GlobalSection(ExtensibilityGlobals) = postSolution
		SolutionGuid = {7E8FBD42-8049-449D-B083-5361E2CF6C74}
	EndGlobalSection
EndGlobal
